
Microsoft Visual Studio Solution File, Format Version 12.00
# Visual Studio 15
Project("{FAE04EC0-301F-11D3-BF4B-00C04F79EFBC}") = "PTS", "PTS\PTS.csproj", "{0EDB88E8-0D8A-4E10-87E1-B6F5D961B02E}"
EndProject
Global
	GlobalSection(SolutionConfigurationPlatforms) = preSolution
		Debug|Any CPU = Debug|Any CPU
		Release|Any CPU = Release|Any CPU
	EndGlobalSection
	GlobalSection(ProjectConfigurationPlatforms) = postSolution
		{0EDB88E8-0D8A-4E10-87E1-B6F5D961B02E}.Debug|Any CPU.ActiveCfg = Debug|Any CPU
		{0EDB88E8-0D8A-4E10-87E1-B6F5D961B02E}.Debug|Any CPU.Build.0 = Debug|Any CPU
		{0EDB88E8-0D8A-4E10-87E1-B6F5D961B02E}.Release|Any CPU.ActiveCfg = Release|Any CPU
		{0EDB88E8-0D8A-4E10-87E1-B6F5D961B02E}.Release|Any CPU.Build.0 = Release|Any CPU
	EndGlobalSection
EndGlobal
